
Microsoft Visual Studio Solution File, Format Version 12.00
# Visual Studio Version 16
VisualStudioVersion = 16.0.31515.178
MinimumVisualStudioVersion = 10.0.40219.1
Project("{2150E333-8FDC-42A3-9474-1A3956D46DE8}") = "Adapters", "Adapters", "{DCDD06F2-882F-4FAD-8A17-E56DE016507B}"
EndProject
Project("{2150E333-8FDC-42A3-9474-1A3956D46DE8}") = "Core", "Core", "{5E0B7F5B-C891-4357-B005-7612DA721D61}"
EndProject
Project("{2150E333-8FDC-42A3-9474-1A3956D46DE8}") = "Driven", "Driven", "{FD2FEDDC-FD6F-4FEB-A215-1CE43BACF603}"
EndProject
Project("{2150E333-8FDC-42A3-9474-1A3956D46DE8}") = "Driving", "Driving", "{8A1A9E6A-B910-4879-AF48-13D9904020F6}"
EndProject
Project("{2150E333-8FDC-42A3-9474-1A3956D46DE8}") = "Application", "Application", "{4D6687BD-C158-489E-8BBA-0A0002C9D366}"
EndProject
Project("{9A19103F-16F7-4668-BE54-9A1E7A4F7556}") = "Application", "Core\Application\Application\Application.csproj", "{CC74A5A4-B7FB-4740-9386-A0581374189E}"
EndProject
Project("{2150E333-8FDC-42A3-9474-1A3956D46DE8}") = "Infra", "Infra", "{603582F9-AEBE-471D-B7F5-21B73CB68CE9}"
EndProject
Project("{9A19103F-16F7-4668-BE54-9A1E7A4F7556}") = "Infra.Data", "Adapters\Driven\Infra\Infra.Data\Infra.Data.csproj", "{AC16B8E1-EE53-4886-AEAB-F5EFBEF515CC}"
EndProject
Project("{9A19103F-16F7-4668-BE54-9A1E7A4F7556}") = "Infra.Email", "Adapters\Driven\Infra\Infra.Email\Infra.Email.csproj", "{4E1FAC3D-1FE4-4D8D-925A-37D370C435D2}"
EndProject
Project("{2150E333-8FDC-42A3-9474-1A3956D46DE8}") = "Domain", "Domain", "{BA6AD349-3874-4417-8B84-9C9A2F2EE688}"
EndProject
Project("{9A19103F-16F7-4668-BE54-9A1E7A4F7556}") = "Domain", "Core\Domain\Domain\Domain.csproj", "{2678935D-B30B-4A3E-AB7D-C1E0B834D81D}"
EndProject
Project("{9A19103F-16F7-4668-BE54-9A1E7A4F7556}") = "WebApi", "Adapters\Driving\WebApi\WebApi.csproj", "{3F085EF1-1896-4051-A314-3E707B07768D}"
EndProject
Global
	GlobalSection(SolutionConfigurationPlatforms) = preSolution
		Debug|Any CPU = Debug|Any CPU
		Release|Any CPU = Release|Any CPU
	EndGlobalSection
	GlobalSection(ProjectConfigurationPlatforms) = postSolution
		{CC74A5A4-B7FB-4740-9386-A0581374189E}.Debug|Any CPU.ActiveCfg = Debug|Any CPU
		{CC74A5A4-B7FB-4740-9386-A0581374189E}.Debug|Any CPU.Build.0 = Debug|Any CPU
		{CC74A5A4-B7FB-4740-9386-A0581374189E}.Release|Any CPU.ActiveCfg = Release|Any CPU
		{CC74A5A4-B7FB-4740-9386-A0581374189E}.Release|Any CPU.Build.0 = Release|Any CPU
		{AC16B8E1-EE53-4886-AEAB-F5EFBEF515CC}.Debug|Any CPU.ActiveCfg = Debug|Any CPU
		{AC16B8E1-EE53-4886-AEAB-F5EFBEF515CC}.Debug|Any CPU.Build.0 = Debug|Any CPU
		{AC16B8E1-EE53-4886-AEAB-F5EFBEF515CC}.Release|Any CPU.ActiveCfg = Release|Any CPU
		{AC16B8E1-EE53-4886-AEAB-F5EFBEF515CC}.Release|Any CPU.Build.0 = Release|Any CPU
		{4E1FAC3D-1FE4-4D8D-925A-37D370C435D2}.Debug|Any CPU.ActiveCfg = Debug|Any CPU
		{4E1FAC3D-1FE4-4D8D-925A-37D370C435D2}.Debug|Any CPU.Build.0 = Debug|Any CPU
		{4E1FAC3D-1FE4-4D8D-925A-37D370C435D2}.Release|Any CPU.ActiveCfg = Release|Any CPU
		{4E1FAC3D-1FE4-4D8D-925A-37D370C435D2}.Release|Any CPU.Build.0 = Release|Any CPU
		{2678935D-B30B-4A3E-AB7D-C1E0B834D81D}.Debug|Any CPU.ActiveCfg = Debug|Any CPU
		{2678935D-B30B-4A3E-AB7D-C1E0B834D81D}.Debug|Any CPU.Build.0 = Debug|Any CPU
		{2678935D-B30B-4A3E-AB7D-C1E0B834D81D}.Release|Any CPU.ActiveCfg = Release|Any CPU
		{2678935D-B30B-4A3E-AB7D-C1E0B834D81D}.Release|Any CPU.Build.0 = Release|Any CPU
		{3F085EF1-1896-4051-A314-3E707B07768D}.Debug|Any CPU.ActiveCfg = Debug|Any CPU
		{3F085EF1-1896-4051-A314-3E707B07768D}.Debug|Any CPU.Build.0 = Debug|Any CPU
		{3F085EF1-1896-4051-A314-3E707B07768D}.Release|Any CPU.ActiveCfg = Release|Any CPU
		{3F085EF1-1896-4051-A314-3E707B07768D}.Release|Any CPU.Build.0 = Release|Any CPU
	EndGlobalSection
	GlobalSection(SolutionProperties) = preSolution
		HideSolutionNode = FALSE
	EndGlobalSection
	GlobalSection(NestedProjects) = preSolution
		{FD2FEDDC-FD6F-4FEB-A215-1CE43BACF603} = {DCDD06F2-882F-4FAD-8A17-E56DE016507B}
		{8A1A9E6A-B910-4879-AF48-13D9904020F6} = {DCDD06F2-882F-4FAD-8A17-E56DE016507B}
		{4D6687BD-C158-489E-8BBA-0A0002C9D366} = {5E0B7F5B-C891-4357-B005-7612DA721D61}
		{CC74A5A4-B7FB-4740-9386-A0581374189E} = {4D6687BD-C158-489E-8BBA-0A0002C9D366}
		{603582F9-AEBE-471D-B7F5-21B73CB68CE9} = {FD2FEDDC-FD6F-4FEB-A215-1CE43BACF603}
		{AC16B8E1-EE53-4886-AEAB-F5EFBEF515CC} = {603582F9-AEBE-471D-B7F5-21B73CB68CE9}
		{4E1FAC3D-1FE4-4D8D-925A-37D370C435D2} = {603582F9-AEBE-471D-B7F5-21B73CB68CE9}
		{BA6AD349-3874-4417-8B84-9C9A2F2EE688} = {5E0B7F5B-C891-4357-B005-7612DA721D61}
		{2678935D-B30B-4A3E-AB7D-C1E0B834D81D} = {BA6AD349-3874-4417-8B84-9C9A2F2EE688}
		{3F085EF1-1896-4051-A314-3E707B07768D} = {8A1A9E6A-B910-4879-AF48-13D9904020F6}
	EndGlobalSection
	GlobalSection(ExtensibilityGlobals) = postSolution
		SolutionGuid = {406DF1B5-2DA7-4FE2-88B0-275F5B74411E}
	EndGlobalSection
EndGlobal
